{
  "name": "@packrat/text-expander-family",
  "version": "1.0.0",
  "lockfileVersion": 3,
  "requires": true,
  "packages": {
    "": {
      "name": "@packrat/text-expander-family",
      "version": "1.0.0",
      "license": "UNLICENSED",
      "dependencies": {
        "@elgato/streamdeck": "2.1.2"
      },
      "engines": {
        "node": ">=24"
      }
    },
    "node_modules/@elgato/schemas": {
      "version": "0.4.15",
      "resolved": "https://registry.npmjs.org/@elgato/schemas/-/schemas-0.4.15.tgz",
      "integrity": "sha512-UpELAqazf52PFer+hqg/hvEhYoPHCH3R0af6P7Ih3Hk6xCCJENn7cA5TIpXAIGEWe6dIteHuo/e/iPGLUP7yXA==",
      "license": "MIT"
    },
    "node_modules/@elgato/streamdeck": {
      "version": "2.1.2",
      "resolved": "https://registry.npmjs.org/@elgato/streamdeck/-/streamdeck-2.1.2.tgz",
      "integrity": "sha512-qj6NuDyYj8bE+XFnr+O5ynB1zojwugfWiK3oQYwweaOzOFs7fEE21v9z75EPC8wQr3cuuzI7m557TQLn5k/4mA==",
      "license": "MIT",
      "dependencies": {
        "@elgato/schemas": "^0.4.14",
        "@elgato/utils": "0.6.0",
        "ws": "^8.19.0"
      },
      "engines": {
        "node": ">=20.5.1"
      }
    },
    "node_modules/@elgato/utils": {
      "version": "0.6.0",
      "resolved": "https://registry.npmjs.org/@elgato/utils/-/utils-0.6.0.tgz",
      "integrity": "sha512-DkBf07zo0qzHkoMO2L8HSDlfEwI56rI0fWedJjXcafPpoePoZ/nzqi+xL60Ad2KpQzCxstyN65oqVZ/Ar6woNg==",
      "license": "MIT",
      "dependencies": {
        "zod": "^3.25.24"
      }
    },
    "node_modules/ws": {
      "version": "8.21.0",
      "resolved": "https://registry.npmjs.org/ws/-/ws-8.21.0.tgz",
      "integrity": "sha512-Vsp28b7DRcimFQvrqu2Wek3z1iYxDCWqHYB8Qsnk/S4RfaCQzPGPyBNuVjJV3cd6UiKtUtp6sNM77gWvzcCH+g==",
      "license": "MIT",
      "engines": {
        "node": ">=10.0.0"
      },
      "peerDependencies": {
        "bufferutil": "^4.0.1",
        "utf-8-validate": ">=5.0.2"
      },
      "peerDependenciesMeta": {
        "bufferutil": {
          "optional": true
        },
        "utf-8-validate": {
          "optional": true
        }
      }
    },
    "node_modules/zod": {
      "version": "3.25.76",
      "resolved": "https://registry.npmjs.org/zod/-/zod-3.25.76.tgz",
      "integrity": "sha512-gzUt/qt81nXsFGKIFcC3YnfEAx5NkunCfnDlvuBSSFS02bcXu4Lmea0AFIUwbLWxWPx3d9p8S5QoaujKcNQxcQ==",
      "license": "MIT",
      "funding": {
        "url": "https://github.com/sponsors/colinhacks"
      }
    }
  }
}
